
Microsoft Visual Studio Solution File, Format Version 11.00
# Visual C# Express 2010
Project("{FAE04EC0-301F-11D3-BF4B-00C04F79EFBC}") = "PhoneBase", "PhoneBase.csproj", "{17BDE0C1-FE7E-49C9-9590-CA71423316A5}"
EndProject
Global
	GlobalSection(SolutionConfigurationPlatforms) = preSolution
		Debug|Any CPU = Debug|Any CPU
		Release|Any CPU = Release|Any CPU
	EndGlobalSection
	GlobalSection(ProjectConfigurationPlatforms) = postSolution
		{17BDE0C1-FE7E-49C9-9590-CA71423316A5}.Debug|Any CPU.ActiveCfg = Debug|Any CPU
		{17BDE0C1-FE7E-49C9-9590-CA71423316A5}.Debug|Any CPU.Build.0 = Debug|Any CPU
		{17BDE0C1-FE7E-49C9-9590-CA71423316A5}.Release|Any CPU.ActiveCfg = Release|Any CPU
		{17BDE0C1-FE7E-49C9-9590-CA71423316A5}.Release|Any CPU.Build.0 = Release|Any CPU
	EndGlobalSection
	GlobalSection(SolutionProperties) = preSolution
		HideSolutionNode = FALSE
	EndGlobalSection
EndGlobal
